
Microsoft Visual Studio Solution File, Format Version 12.00
# Visual Studio Express 2013 for Windows Desktop
VisualStudioVersion = 12.0.21005.1
MinimumVisualStudioVersion = 10.0.40219.1
Project("{FAE04EC0-301F-11D3-BF4B-00C04F79EFBC}") = "PractFinal2017", "PractFinal2017\PractFinal2017.csproj", "{B537D030-3889-48EE-B5B6-EA7737CC6800}"
EndProject
Project("{FAE04EC0-301F-11D3-BF4B-00C04F79EFBC}") = "Entidades", "Entidades\Entidades.csproj", "{4E32C0F4-9034-414F-B694-05CC50948516}"
EndProject
Project("{FAE04EC0-301F-11D3-BF4B-00C04F79EFBC}") = "TestPaciente", "TestPaciente\TestPaciente.csproj", "{4D918EDB-0D84-4371-ABFA-B492658D60D5}"
EndProject
Global
	GlobalSection(SolutionConfigurationPlatforms) = preSolution
		Debug|Any CPU = Debug|Any CPU
		Release|Any CPU = Release|Any CPU
	EndGlobalSection
	GlobalSection(ProjectConfigurationPlatforms) = postSolution
		{B537D030-3889-48EE-B5B6-EA7737CC6800}.Debug|Any CPU.ActiveCfg = Debug|Any CPU
		{B537D030-3889-48EE-B5B6-EA7737CC6800}.Debug|Any CPU.Build.0 = Debug|Any CPU
		{B537D030-3889-48EE-B5B6-EA7737CC6800}.Release|Any CPU.ActiveCfg = Release|Any CPU
		{B537D030-3889-48EE-B5B6-EA7737CC6800}.Release|Any CPU.Build.0 = Release|Any CPU
		{4E32C0F4-9034-414F-B694-05CC50948516}.Debug|Any CPU.ActiveCfg = Debug|Any CPU
		{4E32C0F4-9034-414F-B694-05CC50948516}.Debug|Any CPU.Build.0 = Debug|Any CPU
		{4E32C0F4-9034-414F-B694-05CC50948516}.Release|Any CPU.ActiveCfg = Release|Any CPU
		{4E32C0F4-9034-414F-B694-05CC50948516}.Release|Any CPU.Build.0 = Release|Any CPU
		{4D918EDB-0D84-4371-ABFA-B492658D60D5}.Debug|Any CPU.ActiveCfg = Debug|Any CPU
		{4D918EDB-0D84-4371-ABFA-B492658D60D5}.Debug|Any CPU.Build.0 = Debug|Any CPU
		{4D918EDB-0D84-4371-ABFA-B492658D60D5}.Release|Any CPU.ActiveCfg = Release|Any CPU
		{4D918EDB-0D84-4371-ABFA-B492658D60D5}.Release|Any CPU.Build.0 = Release|Any CPU
	EndGlobalSection
	GlobalSection(SolutionProperties) = preSolution
		HideSolutionNode = FALSE
	EndGlobalSection
EndGlobal
