
Microsoft Visual Studio Solution File, Format Version 12.00
# Visual Studio 2012
Project("{FAE04EC0-301F-11D3-BF4B-00C04F79EFBC}") = "rsp2017", "rsp2017\rsp2017.csproj", "{C982B31E-361F-4713-8DAE-4ED4B0DA5D10}"
EndProject
Project("{FAE04EC0-301F-11D3-BF4B-00C04F79EFBC}") = "Entidades", "Entidades\Entidades.csproj", "{6942ED8E-DF89-4DBC-8C48-431F79EFCB83}"
EndProject
Project("{FAE04EC0-301F-11D3-BF4B-00C04F79EFBC}") = "Interfaces", "Interfaces\Interfaces.csproj", "{F8338E8A-85B8-4ED3-B3E0-B86BD6FF61C9}"
EndProject
Global
	GlobalSection(SolutionConfigurationPlatforms) = preSolution
		Debug|Any CPU = Debug|Any CPU
		Release|Any CPU = Release|Any CPU
	EndGlobalSection
	GlobalSection(ProjectConfigurationPlatforms) = postSolution
		{C982B31E-361F-4713-8DAE-4ED4B0DA5D10}.Debug|Any CPU.ActiveCfg = Debug|Any CPU
		{C982B31E-361F-4713-8DAE-4ED4B0DA5D10}.Debug|Any CPU.Build.0 = Debug|Any CPU
		{C982B31E-361F-4713-8DAE-4ED4B0DA5D10}.Release|Any CPU.ActiveCfg = Release|Any CPU
		{C982B31E-361F-4713-8DAE-4ED4B0DA5D10}.Release|Any CPU.Build.0 = Release|Any CPU
		{6942ED8E-DF89-4DBC-8C48-431F79EFCB83}.Debug|Any CPU.ActiveCfg = Debug|Any CPU
		{6942ED8E-DF89-4DBC-8C48-431F79EFCB83}.Debug|Any CPU.Build.0 = Debug|Any CPU
		{6942ED8E-DF89-4DBC-8C48-431F79EFCB83}.Release|Any CPU.ActiveCfg = Release|Any CPU
		{6942ED8E-DF89-4DBC-8C48-431F79EFCB83}.Release|Any CPU.Build.0 = Release|Any CPU
		{F8338E8A-85B8-4ED3-B3E0-B86BD6FF61C9}.Debug|Any CPU.ActiveCfg = Debug|Any CPU
		{F8338E8A-85B8-4ED3-B3E0-B86BD6FF61C9}.Debug|Any CPU.Build.0 = Debug|Any CPU
		{F8338E8A-85B8-4ED3-B3E0-B86BD6FF61C9}.Release|Any CPU.ActiveCfg = Release|Any CPU
		{F8338E8A-85B8-4ED3-B3E0-B86BD6FF61C9}.Release|Any CPU.Build.0 = Release|Any CPU
	EndGlobalSection
	GlobalSection(SolutionProperties) = preSolution
		HideSolutionNode = FALSE
	EndGlobalSection
EndGlobal
