
Microsoft Visual Studio Solution File, Format Version 12.00
# Visual Studio 2012
Project("{FAE04EC0-301F-11D3-BF4B-00C04F79EFBC}") = "CardozoMarina", "CardozoMarina\CardozoMarina.csproj", "{BD5921A7-B941-4DE2-98E1-ECF3FA1974D5}"
EndProject
Project("{FAE04EC0-301F-11D3-BF4B-00C04F79EFBC}") = "Interfaces", "Interfaces\Interfaces.csproj", "{A9457C75-0167-4570-BFBE-726C51B2B2F5}"
EndProject
Project("{FAE04EC0-301F-11D3-BF4B-00C04F79EFBC}") = "Entidades", "Entidades\Entidades.csproj", "{1E637809-5EB3-4805-8768-F059D9CC05CC}"
EndProject
Global
	GlobalSection(SolutionConfigurationPlatforms) = preSolution
		Debug|Any CPU = Debug|Any CPU
		Release|Any CPU = Release|Any CPU
	EndGlobalSection
	GlobalSection(ProjectConfigurationPlatforms) = postSolution
		{BD5921A7-B941-4DE2-98E1-ECF3FA1974D5}.Debug|Any CPU.ActiveCfg = Debug|Any CPU
		{BD5921A7-B941-4DE2-98E1-ECF3FA1974D5}.Debug|Any CPU.Build.0 = Debug|Any CPU
		{BD5921A7-B941-4DE2-98E1-ECF3FA1974D5}.Release|Any CPU.ActiveCfg = Release|Any CPU
		{BD5921A7-B941-4DE2-98E1-ECF3FA1974D5}.Release|Any CPU.Build.0 = Release|Any CPU
		{A9457C75-0167-4570-BFBE-726C51B2B2F5}.Debug|Any CPU.ActiveCfg = Debug|Any CPU
		{A9457C75-0167-4570-BFBE-726C51B2B2F5}.Debug|Any CPU.Build.0 = Debug|Any CPU
		{A9457C75-0167-4570-BFBE-726C51B2B2F5}.Release|Any CPU.ActiveCfg = Release|Any CPU
		{A9457C75-0167-4570-BFBE-726C51B2B2F5}.Release|Any CPU.Build.0 = Release|Any CPU
		{1E637809-5EB3-4805-8768-F059D9CC05CC}.Debug|Any CPU.ActiveCfg = Debug|Any CPU
		{1E637809-5EB3-4805-8768-F059D9CC05CC}.Debug|Any CPU.Build.0 = Debug|Any CPU
		{1E637809-5EB3-4805-8768-F059D9CC05CC}.Release|Any CPU.ActiveCfg = Release|Any CPU
		{1E637809-5EB3-4805-8768-F059D9CC05CC}.Release|Any CPU.Build.0 = Release|Any CPU
	EndGlobalSection
	GlobalSection(SolutionProperties) = preSolution
		HideSolutionNode = FALSE
	EndGlobalSection
EndGlobal
